
Microsoft Visual Studio Solution File, Format Version 12.00
# Visual Studio Version 16
VisualStudioVersion = 16.0.30804.86
MinimumVisualStudioVersion = 10.0.40219.1
Project("{FAE04EC0-301F-11D3-BF4B-00C04F79EFBC}") = "GameProject1", "GameProject1\GameProject1.csproj", "{C21B7FC4-2C29-40D4-A093-1D0345D1D211}"
EndProject
Global
	GlobalSection(SolutionConfigurationPlatforms) = preSolution
		Debug|Any CPU = Debug|Any CPU
		Release|Any CPU = Release|Any CPU
	EndGlobalSection
	GlobalSection(ProjectConfigurationPlatforms) = postSolution
		{C21B7FC4-2C29-40D4-A093-1D0345D1D211}.Debug|Any CPU.ActiveCfg = Debug|Any CPU
		{C21B7FC4-2C29-40D4-A093-1D0345D1D211}.Debug|Any CPU.Build.0 = Debug|Any CPU
		{C21B7FC4-2C29-40D4-A093-1D0345D1D211}.Release|Any CPU.ActiveCfg = Release|Any CPU
		{C21B7FC4-2C29-40D4-A093-1D0345D1D211}.Release|Any CPU.Build.0 = Release|Any CPU
	EndGlobalSection
	GlobalSection(SolutionProperties) = preSolution
		HideSolutionNode = FALSE
	EndGlobalSection
	GlobalSection(ExtensibilityGlobals) = postSolution
		SolutionGuid = {455D9A96-52FF-435A-B193-A0EFC260C0BD}
	EndGlobalSection
EndGlobal
